// !$*UTF8*$!
{
	archiveVersion = 1;
	classes = {
	};
	objectVersion = 50;
	objects = {

/* Begin PBXBuildFile section */
		570DA67A3633B90437DA1010 /* Pods_QuanLySinhVienUITests.framework in Frameworks */ = {isa = PBXBuildFile; fileRef = 2754712A5D2B45F5BB2AE858 /* Pods_QuanLySinhVienUITests.framework */; };
		840858F521F6F91500DB2A80 /* test.swift in Sources */ = {isa = PBXBuildFile; fileRef = 840858F421F6F91500DB2A80 /* test.swift */; };
		844591C921EE0BAD003B6DA9 /* listStudents.swift in Sources */ = {isa = PBXBuildFile; fileRef = 844591C821EE0BAD003B6DA9 /* listStudents.swift */; };
		84615EBE21EDE4FC0050D8BE /* AppDelegate.swift in Sources */ = {isa = PBXBuildFile; fileRef = 84615EBD21EDE4FC0050D8BE /* AppDelegate.swift */; };
		84615EC021EDE4FC0050D8BE /* AddStudents.swift in Sources */ = {isa = PBXBuildFile; fileRef = 84615EBF21EDE4FC0050D8BE /* AddStudents.swift */; };
		84615EC321EDE4FC0050D8BE /* Main.storyboard in Resources */ = {isa = PBXBuildFile; fileRef = 84615EC121EDE4FC0050D8BE /* Main.storyboard */; };
		84615EC521EDE4FD0050D8BE /* Assets.xcassets in Resources */ = {isa = PBXBuildFile; fileRef = 84615EC421EDE4FD0050D8BE /* Assets.xcassets */; };
		84615EC821EDE4FD0050D8BE /* LaunchScreen.storyboard in Resources */ = {isa = PBXBuildFile; fileRef = 84615EC621EDE4FD0050D8BE /* LaunchScreen.storyboard */; };
		84615ED321EDE4FD0050D8BE /* QuanLySinhVienTests.swift in Sources */ = {isa = PBXBuildFile; fileRef = 84615ED221EDE4FD0050D8BE /* QuanLySinhVienTests.swift */; };
		84615EDE21EDE4FD0050D8BE /* QuanLySinhVienUITests.swift in Sources */ = {isa = PBXBuildFile; fileRef = 84615EDD21EDE4FD0050D8BE /* QuanLySinhVienUITests.swift */; };
		8485F68F21EED7DC00D960C5 /* Students.swift in Sources */ = {isa = PBXBuildFile; fileRef = 8485F68E21EED7DC00D960C5 /* Students.swift */; };
		84DF46A921F6135200A2EB04 /* StudentCell.swift in Sources */ = {isa = PBXBuildFile; fileRef = 84DF46A821F6135200A2EB04 /* StudentCell.swift */; };
		84DF46B021F622C800A2EB04 /* DataLocal.swift in Sources */ = {isa = PBXBuildFile; fileRef = 84DF46AF21F622C800A2EB04 /* DataLocal.swift */; };
		84DF46B221F631A600A2EB04 /* StudentsInformation.db in Resources */ = {isa = PBXBuildFile; fileRef = 84DF46B121F631A000A2EB04 /* StudentsInformation.db */; };
		E0857F15D810AF9B276AE27A /* Pods_QuanLySinhVien.framework in Frameworks */ = {isa = PBXBuildFile; fileRef = 41A9977DA6874E07941F19BF /* Pods_QuanLySinhVien.framework */; };
		ECFC66BB5B9251DA0BF24948 /* Pods_QuanLySinhVienTests.framework in Frameworks */ = {isa = PBXBuildFile; fileRef = F6D12DB386B56C86548D1A9E /* Pods_QuanLySinhVienTests.framework */; };
/* End PBXBuildFile section */

/* Begin PBXContainerItemProxy section */
		84615ECF21EDE4FD0050D8BE /* PBXContainerItemProxy */ = {
			isa = PBXContainerItemProxy;
			containerPortal = 84615EB221EDE4FC0050D8BE /* Project object */;
			proxyType = 1;
			remoteGlobalIDString = 84615EB921EDE4FC0050D8BE;
			remoteInfo = QuanLySinhVien;
		};
		84615EDA21EDE4FD0050D8BE /* PBXContainerItemProxy */ = {
			isa = PBXContainerItemProxy;
			containerPortal = 84615EB221EDE4FC0050D8BE /* Project object */;
			proxyType = 1;
			remoteGlobalIDString = 84615EB921EDE4FC0050D8BE;
			remoteInfo = QuanLySinhVien;
		};
/* End PBXContainerItemProxy section */

/* Begin PBXFileReference section */
		2754712A5D2B45F5BB2AE858 /* Pods_QuanLySinhVienUITests.framework */ = {isa = PBXFileReference; explicitFileType = wrapper.framework; includeInIndex = 0; path = Pods_QuanLySinhVienUITests.framework; sourceTree = BUILT_PRODUCTS_DIR; };
		3D237AAE004B8AF0A5E32F1B /* Pods-QuanLySinhVienUITests.release.xcconfig */ = {isa = PBXFileReference; includeInIndex = 1; lastKnownFileType = text.xcconfig; name = "Pods-QuanLySinhVienUITests.release.xcconfig"; path = "Pods/Target Support Files/Pods-QuanLySinhVienUITests/Pods-QuanLySinhVienUITests.release.xcconfig"; sourceTree = "<group>"; };
		41A9977DA6874E07941F19BF /* Pods_QuanLySinhVien.framework */ = {isa = PBXFileReference; explicitFileType = wrapper.framework; includeInIndex = 0; path = Pods_QuanLySinhVien.framework; sourceTree = BUILT_PRODUCTS_DIR; };
		52BD6E5BFDB0918C300F0C2B /* Pods-QuanLySinhVienTests.debug.xcconfig */ = {isa = PBXFileReference; includeInIndex = 1; lastKnownFileType = text.xcconfig; name = "Pods-QuanLySinhVienTests.debug.xcconfig"; path = "Pods/Target Support Files/Pods-QuanLySinhVienTests/Pods-QuanLySinhVienTests.debug.xcconfig"; sourceTree = "<group>"; };
		7A83F79B84D8E5E8D6A8DE09 /* Pods-QuanLySinhVienUITests.debug.xcconfig */ = {isa = PBXFileReference; includeInIndex = 1; lastKnownFileType = text.xcconfig; name = "Pods-QuanLySinhVienUITests.debug.xcconfig"; path = "Pods/Target Support Files/Pods-QuanLySinhVienUITests/Pods-QuanLySinhVienUITests.debug.xcconfig"; sourceTree = "<group>"; };
		840858F421F6F91500DB2A80 /* test.swift */ = {isa = PBXFileReference; lastKnownFileType = sourcecode.swift; path = test.swift; sourceTree = "<group>"; };
		844591C821EE0BAD003B6DA9 /* listStudents.swift */ = {isa = PBXFileReference; lastKnownFileType = sourcecode.swift; path = listStudents.swift; sourceTree = "<group>"; };
		84615EBA21EDE4FC0050D8BE /* QuanLySinhVien.app */ = {isa = PBXFileReference; explicitFileType = wrapper.application; includeInIndex = 0; path = QuanLySinhVien.app; sourceTree = BUILT_PRODUCTS_DIR; };
		84615EBD21EDE4FC0050D8BE /* AppDelegate.swift */ = {isa = PBXFileReference; lastKnownFileType = sourcecode.swift; path = AppDelegate.swift; sourceTree = "<group>"; };
		84615EBF21EDE4FC0050D8BE /* AddStudents.swift */ = {isa = PBXFileReference; lastKnownFileType = sourcecode.swift; path = AddStudents.swift; sourceTree = "<group>"; };
		84615EC221EDE4FC0050D8BE /* Base */ = {isa = PBXFileReference; lastKnownFileType = file.storyboard; name = Base; path = Base.lproj/Main.storyboard; sourceTree = "<group>"; };
		84615EC421EDE4FD0050D8BE /* Assets.xcassets */ = {isa = PBXFileReference; lastKnownFileType = folder.assetcatalog; path = Assets.xcassets; sourceTree = "<group>"; };
		84615EC721EDE4FD0050D8BE /* Base */ = {isa = PBXFileReference; lastKnownFileType = file.storyboard; name = Base; path = Base.lproj/LaunchScreen.storyboard; sourceTree = "<group>"; };
		84615EC921EDE4FD0050D8BE /* Info.plist */ = {isa = PBXFileReference; lastKnownFileType = text.plist.xml; path = Info.plist; sourceTree = "<group>"; };
		84615ECE21EDE4FD0050D8BE /* QuanLySinhVienTests.xctest */ = {isa = PBXFileReference; explicitFileType = wrapper.cfbundle; includeInIndex = 0; path = QuanLySinhVienTests.xctest; sourceTree = BUILT_PRODUCTS_DIR; };
		84615ED221EDE4FD0050D8BE /* QuanLySinhVienTests.swift */ = {isa = PBXFileReference; lastKnownFileType = sourcecode.swift; path = QuanLySinhVienTests.swift; sourceTree = "<group>"; };
		84615ED421EDE4FD0050D8BE /* Info.plist */ = {isa = PBXFileReference; lastKnownFileType = text.plist.xml; path = Info.plist; sourceTree = "<group>"; };
		84615ED921EDE4FD0050D8BE /* QuanLySinhVienUITests.xctest */ = {isa = PBXFileReference; explicitFileType = wrapper.cfbundle; includeInIndex = 0; path = QuanLySinhVienUITests.xctest; sourceTree = BUILT_PRODUCTS_DIR; };
		84615EDD21EDE4FD0050D8BE /* QuanLySinhVienUITests.swift */ = {isa = PBXFileReference; lastKnownFileType = sourcecode.swift; path = QuanLySinhVienUITests.swift; sourceTree = "<group>"; };
		84615EDF21EDE4FD0050D8BE /* Info.plist */ = {isa = PBXFileReference; lastKnownFileType = text.plist.xml; path = Info.plist; sourceTree = "<group>"; };
		8485F68E21EED7DC00D960C5 /* Students.swift */ = {isa = PBXFileReference; lastKnownFileType = sourcecode.swift; path = Students.swift; sourceTree = "<group>"; };
		84DF46A821F6135200A2EB04 /* StudentCell.swift */ = {isa = PBXFileReference; lastKnownFileType = sourcecode.swift; path = StudentCell.swift; sourceTree = "<group>"; };
		84DF46AF21F622C800A2EB04 /* DataLocal.swift */ = {isa = PBXFileReference; lastKnownFileType = sourcecode.swift; path = DataLocal.swift; sourceTree = "<group>"; };
		84DF46B121F631A000A2EB04 /* StudentsInformation.db */ = {isa = PBXFileReference; lastKnownFileType = file; path = StudentsInformation.db; sourceTree = "<group>"; };
		8D6F042DBD9A76653EBFB1F2 /* Pods-QuanLySinhVienTests.release.xcconfig */ = {isa = PBXFileReference; includeInIndex = 1; lastKnownFileType = text.xcconfig; name = "Pods-QuanLySinhVienTests.release.xcconfig"; path = "Pods/Target Support Files/Pods-QuanLySinhVienTests/Pods-QuanLySinhVienTests.release.xcconfig"; sourceTree = "<group>"; };
		B78275FEB9FAC29C8870CA00 /* Pods-QuanLySinhVien.debug.xcconfig */ = {isa = PBXFileReference; includeInIndex = 1; lastKnownFileType = text.xcconfig; name = "Pods-QuanLySinhVien.debug.xcconfig"; path = "Pods/Target Support Files/Pods-QuanLySinhVien/Pods-QuanLySinhVien.debug.xcconfig"; sourceTree = "<group>"; };
		C51961133BEE7A9E86789BF6 /* Pods-QuanLySinhVien.release.xcconfig */ = {isa = PBXFileReference; includeInIndex = 1; lastKnownFileType = text.xcconfig; name = "Pods-QuanLySinhVien.release.xcconfig"; path = "Pods/Target Support Files/Pods-QuanLySinhVien/Pods-QuanLySinhVien.release.xcconfig"; sourceTree = "<group>"; };
		F6D12DB386B56C86548D1A9E /* Pods_QuanLySinhVienTests.framework */ = {isa = PBXFileReference; explicitFileType = wrapper.framework; includeInIndex = 0; path = Pods_QuanLySinhVienTests.framework; sourceTree = BUILT_PRODUCTS_DIR; };
/* End PBXFileReference section */

/* Begin PBXFrameworksBuildPhase section */
		84615EB721EDE4FC0050D8BE /* Frameworks */ = {
			isa = PBXFrameworksBuildPhase;
			buildActionMask = 2147483647;
			files = (
				E0857F15D810AF9B276AE27A /* Pods_QuanLySinhVien.framework in Frameworks */,
			);
			runOnlyForDeploymentPostprocessing = 0;
		};
		84615ECB21EDE4FD0050D8BE /* Frameworks */ = {
			isa = PBXFrameworksBuildPhase;
			buildActionMask = 2147483647;
			files = (
				ECFC66BB5B9251DA0BF24948 /* Pods_QuanLySinhVienTests.framework in Frameworks */,
			);
			runOnlyForDeploymentPostprocessing = 0;
		};
		84615ED621EDE4FD0050D8BE /* Frameworks */ = {
			isa = PBXFrameworksBuildPhase;
			buildActionMask = 2147483647;
			files = (
				570DA67A3633B90437DA1010 /* Pods_QuanLySinhVienUITests.framework in Frameworks */,
			);
			runOnlyForDeploymentPostprocessing = 0;
		};
/* End PBXFrameworksBuildPhase section */

/* Begin PBXGroup section */
		4D760B3FCCB79E6729F44305 /* Pods */ = {
			isa = PBXGroup;
			children = (
				B78275FEB9FAC29C8870CA00 /* Pods-QuanLySinhVien.debug.xcconfig */,
				C51961133BEE7A9E86789BF6 /* Pods-QuanLySinhVien.release.xcconfig */,
				52BD6E5BFDB0918C300F0C2B /* Pods-QuanLySinhVienTests.debug.xcconfig */,
				8D6F042DBD9A76653EBFB1F2 /* Pods-QuanLySinhVienTests.release.xcconfig */,
				7A83F79B84D8E5E8D6A8DE09 /* Pods-QuanLySinhVienUITests.debug.xcconfig */,
				3D237AAE004B8AF0A5E32F1B /* Pods-QuanLySinhVienUITests.release.xcconfig */,
			);
			name = Pods;
			sourceTree = "<group>";
		};
		844591C721EE0B7B003B6DA9 /* Controller */ = {
			isa = PBXGroup;
			children = (
				84615EBF21EDE4FC0050D8BE /* AddStudents.swift */,
				844591C821EE0BAD003B6DA9 /* listStudents.swift */,
				840858F421F6F91500DB2A80 /* test.swift */,
			);
			path = Controller;
			sourceTree = "<group>";
		};
		84615EB121EDE4FC0050D8BE = {
			isa = PBXGroup;
			children = (
				84615EBC21EDE4FC0050D8BE /* QuanLySinhVien */,
				84615ED121EDE4FD0050D8BE /* QuanLySinhVienTests */,
				84615EDC21EDE4FD0050D8BE /* QuanLySinhVienUITests */,
				84615EBB21EDE4FC0050D8BE /* Products */,
				4D760B3FCCB79E6729F44305 /* Pods */,
				93408FD0D7B500DA5C77C985 /* Frameworks */,
			);
			sourceTree = "<group>";
		};
		84615EBB21EDE4FC0050D8BE /* Products */ = {
			isa = PBXGroup;
			children = (
				84615EBA21EDE4FC0050D8BE /* QuanLySinhVien.app */,
				84615ECE21EDE4FD0050D8BE /* QuanLySinhVienTests.xctest */,
				84615ED921EDE4FD0050D8BE /* QuanLySinhVienUITests.xctest */,
			);
			name = Products;
			sourceTree = "<group>";
		};
		84615EBC21EDE4FC0050D8BE /* QuanLySinhVien */ = {
			isa = PBXGroup;
			children = (
				8485F68D21EED7C900D960C5 /* Model */,
				84DF46AE21F6199E00A2EB04 /* Views */,
				844591C721EE0B7B003B6DA9 /* Controller */,
				84615EBD21EDE4FC0050D8BE /* AppDelegate.swift */,
				84DF46B121F631A000A2EB04 /* StudentsInformation.db */,
				84615EC421EDE4FD0050D8BE /* Assets.xcassets */,
				84615EC621EDE4FD0050D8BE /* LaunchScreen.storyboard */,
				84615EC921EDE4FD0050D8BE /* Info.plist */,
			);
			path = QuanLySinhVien;
			sourceTree = "<group>";
		};
		84615ED121EDE4FD0050D8BE /* QuanLySinhVienTests */ = {
			isa = PBXGroup;
			children = (
				84615ED221EDE4FD0050D8BE /* QuanLySinhVienTests.swift */,
				84615ED421EDE4FD0050D8BE /* Info.plist */,
			);
			path = QuanLySinhVienTests;
			sourceTree = "<group>";
		};
		84615EDC21EDE4FD0050D8BE /* QuanLySinhVienUITests */ = {
			isa = PBXGroup;
			children = (
				84615EDD21EDE4FD0050D8BE /* QuanLySinhVienUITests.swift */,
				84615EDF21EDE4FD0050D8BE /* Info.plist */,
			);
			path = QuanLySinhVienUITests;
			sourceTree = "<group>";
		};
		8485F68D21EED7C900D960C5 /* Model */ = {
			isa = PBXGroup;
			children = (
				8485F68E21EED7DC00D960C5 /* Students.swift */,
				84DF46A821F6135200A2EB04 /* StudentCell.swift */,
				84DF46AF21F622C800A2EB04 /* DataLocal.swift */,
			);
			path = Model;
			sourceTree = "<group>";
		};
		84DF46AE21F6199E00A2EB04 /* Views */ = {
			isa = PBXGroup;
			children = (
				84615EC121EDE4FC0050D8BE /* Main.storyboard */,
			);
			path = Views;
			sourceTree = "<group>";
		};
		93408FD0D7B500DA5C77C985 /* Frameworks */ = {
			isa = PBXGroup;
			children = (
				41A9977DA6874E07941F19BF /* Pods_QuanLySinhVien.framework */,
				F6D12DB386B56C86548D1A9E /* Pods_QuanLySinhVienTests.framework */,
				2754712A5D2B45F5BB2AE858 /* Pods_QuanLySinhVienUITests.framework */,
			);
			name = Frameworks;
			sourceTree = "<group>";
		};
/* End PBXGroup section */

/* Begin PBXNativeTarget section */
		84615EB921EDE4FC0050D8BE /* QuanLySinhVien */ = {
			isa = PBXNativeTarget;
			buildConfigurationList = 84615EE221EDE4FD0050D8BE /* Build configuration list for PBXNativeTarget "QuanLySinhVien" */;
			buildPhases = (
				828FDDEA454647E87746529C /* [CP] Check Pods Manifest.lock */,
				84615EB621EDE4FC0050D8BE /* Sources */,
				84615EB721EDE4FC0050D8BE /* Frameworks */,
				84615EB821EDE4FC0050D8BE /* Resources */,
				921604509A94547A5F8C6A3A /* [CP] Embed Pods Frameworks */,
			);
			buildRules = (
			);
			dependencies = (
			);
			name = QuanLySinhVien;
			productName = QuanLySinhVien;
			productReference = 84615EBA21EDE4FC0050D8BE /* QuanLySinhVien.app */;
			productType = "com.apple.product-type.application";
		};
		84615ECD21EDE4FD0050D8BE /* QuanLySinhVienTests */ = {
			isa = PBXNativeTarget;
			buildConfigurationList = 84615EE521EDE4FD0050D8BE /* Build configuration list for PBXNativeTarget "QuanLySinhVienTests" */;
			buildPhases = (
				F7833CA2263AB4C8231907CA /* [CP] Check Pods Manifest.lock */,
				84615ECA21EDE4FD0050D8BE /* Sources */,
				84615ECB21EDE4FD0050D8BE /* Frameworks */,
				84615ECC21EDE4FD0050D8BE /* Resources */,
			);
			buildRules = (
			);
			dependencies = (
				84615ED021EDE4FD0050D8BE /* PBXTargetDependency */,
			);
			name = QuanLySinhVienTests;
			productName = QuanLySinhVienTests;
			productReference = 84615ECE21EDE4FD0050D8BE /* QuanLySinhVienTests.xctest */;
			productType = "com.apple.product-type.bundle.unit-test";
		};
		84615ED821EDE4FD0050D8BE /* QuanLySinhVienUITests */ = {
			isa = PBXNativeTarget;
			buildConfigurationList = 84615EE821EDE4FD0050D8BE /* Build configuration list for PBXNativeTarget "QuanLySinhVienUITests" */;
			buildPhases = (
				3CC7C3C1F393B4599FCA078C /* [CP] Check Pods Manifest.lock */,
				84615ED521EDE4FD0050D8BE /* Sources */,
				84615ED621EDE4FD0050D8BE /* Frameworks */,
				84615ED721EDE4FD0050D8BE /* Resources */,
			);
			buildRules = (
			);
			dependencies = (
				84615EDB21EDE4FD0050D8BE /* PBXTargetDependency */,
			);
			name = QuanLySinhVienUITests;
			productName = QuanLySinhVienUITests;
			productReference = 84615ED921EDE4FD0050D8BE /* QuanLySinhVienUITests.xctest */;
			productType = "com.apple.product-type.bundle.ui-testing";
		};
/* End PBXNativeTarget section */

/* Begin PBXProject section */
		84615EB221EDE4FC0050D8BE /* Project object */ = {
			isa = PBXProject;
			attributes = {
				LastSwiftUpdateCheck = 1010;
				LastUpgradeCheck = 1010;
				ORGANIZATIONNAME = Admin;
				TargetAttributes = {
					84615EB921EDE4FC0050D8BE = {
						CreatedOnToolsVersion = 10.1;
					};
					84615ECD21EDE4FD0050D8BE = {
						CreatedOnToolsVersion = 10.1;
						TestTargetID = 84615EB921EDE4FC0050D8BE;
					};
					84615ED821EDE4FD0050D8BE = {
						CreatedOnToolsVersion = 10.1;
						TestTargetID = 84615EB921EDE4FC0050D8BE;
					};
				};
			};
			buildConfigurationList = 84615EB521EDE4FC0050D8BE /* Build configuration list for PBXProject "QuanLySinhVien" */;
			compatibilityVersion = "Xcode 9.3";
			developmentRegion = en;
			hasScannedForEncodings = 0;
			knownRegions = (
				en,
				Base,
			);
			mainGroup = 84615EB121EDE4FC0050D8BE;
			productRefGroup = 84615EBB21EDE4FC0050D8BE /* Products */;
			projectDirPath = "";
			projectRoot = "";
			targets = (
				84615EB921EDE4FC0050D8BE /* QuanLySinhVien */,
				84615ECD21EDE4FD0050D8BE /* QuanLySinhVienTests */,
				84615ED821EDE4FD0050D8BE /* QuanLySinhVienUITests */,
			);
		};
/* End PBXProject section */

/* Begin PBXResourcesBuildPhase section */
		84615EB821EDE4FC0050D8BE /* Resources */ = {
			isa = PBXResourcesBuildPhase;
			buildActionMask = 2147483647;
			files = (
				84DF46B221F631A600A2EB04 /* StudentsInformation.db in Resources */,
				84615EC821EDE4FD0050D8BE /* LaunchScreen.storyboard in Resources */,
				84615EC521EDE4FD0050D8BE /* Assets.xcassets in Resources */,
				84615EC321EDE4FC0050D8BE /* Main.storyboard in Resources */,
			);
			runOnlyForDeploymentPostprocessing = 0;
		};
		84615ECC21EDE4FD0050D8BE /* Resources */ = {
			isa = PBXResourcesBuildPhase;
			buildActionMask = 2147483647;
			files = (
			);
			runOnlyForDeploymentPostprocessing = 0;
		};
		84615ED721EDE4FD0050D8BE /* Resources */ = {
			isa = PBXResourcesBuildPhase;
			buildActionMask = 2147483647;
			files = (
			);
			runOnlyForDeploymentPostprocessing = 0;
		};
/* End PBXResourcesBuildPhase section */

/* Begin PBXShellScriptBuildPhase section */
		3CC7C3C1F393B4599FCA078C /* [CP] Check Pods Manifest.lock */ = {
			isa = PBXShellScriptBuildPhase;
			buildActionMask = 2147483647;
			files = (
			);
			inputFileListPaths = (
			);
			inputPaths = (
				"${PODS_PODFILE_DIR_PATH}/Podfile.lock",
				"${PODS_ROOT}/Manifest.lock",
			);
			name = "[CP] Check Pods Manifest.lock";
			outputFileListPaths = (
			);
			outputPaths = (
				"$(DERIVED_FILE_DIR)/Pods-QuanLySinhVienUITests-checkManifestLockResult.txt",
			);
			runOnlyForDeploymentPostprocessing = 0;
			shellPath = /bin/sh;
			shellScript = "diff \"${PODS_PODFILE_DIR_PATH}/Podfile.lock\" \"${PODS_ROOT}/Manifest.lock\" > /dev/null\nif [ $? != 0 ] ; then\n    # print error to STDERR\n    echo \"error: The sandbox is not in sync with the Podfile.lock. Run 'pod install' or update your CocoaPods installation.\" >&2\n    exit 1\nfi\n# This output is used by Xcode 'outputs' to avoid re-running this script phase.\necho \"SUCCESS\" > \"${SCRIPT_OUTPUT_FILE_0}\"\n";
			showEnvVarsInLog = 0;
		};
		828FDDEA454647E87746529C /* [CP] Check Pods Manifest.lock */ = {
			isa = PBXShellScriptBuildPhase;
			buildActionMask = 2147483647;
			files = (
			);
			inputFileListPaths = (
			);
			inputPaths = (
				"${PODS_PODFILE_DIR_PATH}/Podfile.lock",
				"${PODS_ROOT}/Manifest.lock",
			);
			name = "[CP] Check Pods Manifest.lock";
			outputFileListPaths = (
			);
			outputPaths = (
				"$(DERIVED_FILE_DIR)/Pods-QuanLySinhVien-checkManifestLockResult.txt",
			);
			runOnlyForDeploymentPostprocessing = 0;
			shellPath = /bin/sh;
			shellScript = "diff \"${PODS_PODFILE_DIR_PATH}/Podfile.lock\" \"${PODS_ROOT}/Manifest.lock\" > /dev/null\nif [ $? != 0 ] ; then\n    # print error to STDERR\n    echo \"error: The sandbox is not in sync with the Podfile.lock. Run 'pod install' or update your CocoaPods installation.\" >&2\n    exit 1\nfi\n# This output is used by Xcode 'outputs' to avoid re-running this script phase.\necho \"SUCCESS\" > \"${SCRIPT_OUTPUT_FILE_0}\"\n";
			showEnvVarsInLog = 0;
		};
		921604509A94547A5F8C6A3A /* [CP] Embed Pods Frameworks */ = {
			isa = PBXShellScriptBuildPhase;
			buildActionMask = 2147483647;
			files = (
			);
			inputFileListPaths = (
			);
			inputPaths = (
				"${SRCROOT}/Pods/Target Support Files/Pods-QuanLySinhVien/Pods-QuanLySinhVien-frameworks.sh",
				"${BUILT_PRODUCTS_DIR}/FMDB/FMDB.framework",
				"${BUILT_PRODUCTS_DIR}/IQKeyboardManagerSwift/IQKeyboardManagerSwift.framework",
			);
			name = "[CP] Embed Pods Frameworks";
			outputFileListPaths = (
			);
			outputPaths = (
				"${TARGET_BUILD_DIR}/${FRAMEWORKS_FOLDER_PATH}/FMDB.framework",
				"${TARGET_BUILD_DIR}/${FRAMEWORKS_FOLDER_PATH}/IQKeyboardManagerSwift.framework",
			);
			runOnlyForDeploymentPostprocessing = 0;
			shellPath = /bin/sh;
			shellScript = "\"${SRCROOT}/Pods/Target Support Files/Pods-QuanLySinhVien/Pods-QuanLySinhVien-frameworks.sh\"\n";
			showEnvVarsInLog = 0;
		};
		F7833CA2263AB4C8231907CA /* [CP] Check Pods Manifest.lock */ = {
			isa = PBXShellScriptBuildPhase;
			buildActionMask = 2147483647;
			files = (
			);
			inputFileListPaths = (
			);
			inputPaths = (
				"${PODS_PODFILE_DIR_PATH}/Podfile.lock",
				"${PODS_ROOT}/Manifest.lock",
			);
			name = "[CP] Check Pods Manifest.lock";
			outputFileListPaths = (
			);
			outputPaths = (
				"$(DERIVED_FILE_DIR)/Pods-QuanLySinhVienTests-checkManifestLockResult.txt",
			);
			runOnlyForDeploymentPostprocessing = 0;
			shellPath = /bin/sh;
			shellScript = "diff \"${PODS_PODFILE_DIR_PATH}/Podfile.lock\" \"${PODS_ROOT}/Manifest.lock\" > /dev/null\nif [ $? != 0 ] ; then\n    # print error to STDERR\n    echo \"error: The sandbox is not in sync with the Podfile.lock. Run 'pod install' or update your CocoaPods installation.\" >&2\n    exit 1\nfi\n# This output is used by Xcode 'outputs' to avoid re-running this script phase.\necho \"SUCCESS\" > \"${SCRIPT_OUTPUT_FILE_0}\"\n";
			showEnvVarsInLog = 0;
		};
/* End PBXShellScriptBuildPhase section */

/* Begin PBXSourcesBuildPhase section */
		84615EB621EDE4FC0050D8BE /* Sources */ = {
			isa = PBXSourcesBuildPhase;
			buildActionMask = 2147483647;
			files = (
				84DF46A921F6135200A2EB04 /* StudentCell.swift in Sources */,
				84DF46B021F622C800A2EB04 /* DataLocal.swift in Sources */,
				84615EC021EDE4FC0050D8BE /* AddStudents.swift in Sources */,
				8485F68F21EED7DC00D960C5 /* Students.swift in Sources */,
				844591C921EE0BAD003B6DA9 /* listStudents.swift in Sources */,
				84615EBE21EDE4FC0050D8BE /* AppDelegate.swift in Sources */,
				840858F521F6F91500DB2A80 /* test.swift in Sources */,
			);
			runOnlyForDeploymentPostprocessing = 0;
		};
		84615ECA21EDE4FD0050D8BE /* Sources */ = {
			isa = PBXSourcesBuildPhase;
			buildActionMask = 2147483647;
			files = (
				84615ED321EDE4FD0050D8BE /* QuanLySinhVienTests.swift in Sources */,
			);
			runOnlyForDeploymentPostprocessing = 0;
		};
		84615ED521EDE4FD0050D8BE /* Sources */ = {
			isa = PBXSourcesBuildPhase;
			buildActionMask = 2147483647;
			files = (
				84615EDE21EDE4FD0050D8BE /* QuanLySinhVienUITests.swift in Sources */,
			);
			runOnlyForDeploymentPostprocessing = 0;
		};
/* End PBXSourcesBuildPhase section */

/* Begin PBXTargetDependency section */
		84615ED021EDE4FD0050D8BE /* PBXTargetDependency */ = {
			isa = PBXTargetDependency;
			target = 84615EB921EDE4FC0050D8BE /* QuanLySinhVien */;
			targetProxy = 84615ECF21EDE4FD0050D8BE /* PBXContainerItemProxy */;
		};
		84615EDB21EDE4FD0050D8BE /* PBXTargetDependency */ = {
			isa = PBXTargetDependency;
			target = 84615EB921EDE4FC0050D8BE /* QuanLySinhVien */;
			targetProxy = 84615EDA21EDE4FD0050D8BE /* PBXContainerItemProxy */;
		};
/* End PBXTargetDependency section */

/* Begin PBXVariantGroup section */
		84615EC121EDE4FC0050D8BE /* Main.storyboard */ = {
			isa = PBXVariantGroup;
			children = (
				84615EC221EDE4FC0050D8BE /* Base */,
			);
			name = Main.storyboard;
			sourceTree = "<group>";
		};
		84615EC621EDE4FD0050D8BE /* LaunchScreen.storyboard */ = {
			isa = PBXVariantGroup;
			children = (
				84615EC721EDE4FD0050D8BE /* Base */,
			);
			name = LaunchScreen.storyboard;
			sourceTree = "<group>";
		};
/* End PBXVariantGroup section */

/* Begin XCBuildConfiguration section */
		84615EE021EDE4FD0050D8BE /* Debug */ = {
			isa = XCBuildConfiguration;
			buildSettings = {
				ALWAYS_SEARCH_USER_PATHS = NO;
				CLANG_ANALYZER_NONNULL = YES;
				CLANG_ANALYZER_NUMBER_OBJECT_CONVERSION = YES_AGGRESSIVE;
				CLANG_CXX_LANGUAGE_STANDARD = "gnu++14";
				CLANG_CXX_LIBRARY = "libc++";
				CLANG_ENABLE_MODULES = YES;
				CLANG_ENABLE_OBJC_ARC = YES;
				CLANG_ENABLE_OBJC_WEAK = YES;
				CLANG_WARN_BLOCK_CAPTURE_AUTORELEASING = YES;
				CLANG_WARN_BOOL_CONVERSION = YES;
				CLANG_WARN_COMMA = YES;
				CLANG_WARN_CONSTANT_CONVERSION = YES;
				CLANG_WARN_DEPRECATED_OBJC_IMPLEMENTATIONS = YES;
				CLANG_WARN_DIRECT_OBJC_ISA_USAGE = YES_ERROR;
				CLANG_WARN_DOCUMENTATION_COMMENTS = YES;
				CLANG_WARN_EMPTY_BODY = YES;
				CLANG_WARN_ENUM_CONVERSION = YES;
				CLANG_WARN_INFINITE_RECURSION = YES;
				CLANG_WARN_INT_CONVERSION = YES;
				CLANG_WARN_NON_LITERAL_NULL_CONVERSION = YES;
				CLANG_WARN_OBJC_IMPLICIT_RETAIN_SELF = YES;
				CLANG_WARN_OBJC_LITERAL_CONVERSION = YES;
				CLANG_WARN_OBJC_ROOT_CLASS = YES_ERROR;
				CLANG_WARN_RANGE_LOOP_ANALYSIS = YES;
				CLANG_WARN_STRICT_PROTOTYPES = YES;
				CLANG_WARN_SUSPICIOUS_MOVE = YES;
				CLANG_WARN_UNGUARDED_AVAILABILITY = YES_AGGRESSIVE;
				CLANG_WARN_UNREACHABLE_CODE = YES;
				CLANG_WARN__DUPLICATE_METHOD_MATCH = YES;
				CODE_SIGN_IDENTITY = "iPhone Developer";
				COPY_PHASE_STRIP = NO;
				DEBUG_INFORMATION_FORMAT = dwarf;
				ENABLE_STRICT_OBJC_MSGSEND = YES;
				ENABLE_TESTABILITY = YES;
				GCC_C_LANGUAGE_STANDARD = gnu11;
				GCC_DYNAMIC_NO_PIC = NO;
				GCC_NO_COMMON_BLOCKS = YES;
				GCC_OPTIMIZATION_LEVEL = 0;
				GCC_PREPROCESSOR_DEFINITIONS = (
					"DEBUG=1",
					"$(inherited)",
				);
				GCC_WARN_64_TO_32_BIT_CONVERSION = YES;
				GCC_WARN_ABOUT_RETURN_TYPE = YES_ERROR;
				GCC_WARN_UNDECLARED_SELECTOR = YES;
				GCC_WARN_UNINITIALIZED_AUTOS = YES_AGGRESSIVE;
				GCC_WARN_UNUSED_FUNCTION = YES;
				GCC_WARN_UNUSED_VARIABLE = YES;
				IPHONEOS_DEPLOYMENT_TARGET = 12.1;
				MTL_ENABLE_DEBUG_INFO = INCLUDE_SOURCE;
				MTL_FAST_MATH = YES;
				ONLY_ACTIVE_ARCH = YES;
				SDKROOT = iphoneos;
				SWIFT_ACTIVE_COMPILATION_CONDITIONS = DEBUG;
				SWIFT_OPTIMIZATION_LEVEL = "-Onone";
			};
			name = Debug;
		};
		84615EE121EDE4FD0050D8BE /* Release */ = {
			isa = XCBuildConfiguration;
			buildSettings = {
				ALWAYS_SEARCH_USER_PATHS = NO;
				CLANG_ANALYZER_NONNULL = YES;
				CLANG_ANALYZER_NUMBER_OBJECT_CONVERSION = YES_AGGRESSIVE;
				CLANG_CXX_LANGUAGE_STANDARD = "gnu++14";
				CLANG_CXX_LIBRARY = "libc++";
				CLANG_ENABLE_MODULES = YES;
				CLANG_ENABLE_OBJC_ARC = YES;
				CLANG_ENABLE_OBJC_WEAK = YES;
				CLANG_WARN_BLOCK_CAPTURE_AUTORELEASING = YES;
				CLANG_WARN_BOOL_CONVERSION = YES;
				CLANG_WARN_COMMA = YES;
				CLANG_WARN_CONSTANT_CONVERSION = YES;
				CLANG_WARN_DEPRECATED_OBJC_IMPLEMENTATIONS = YES;
				CLANG_WARN_DIRECT_OBJC_ISA_USAGE = YES_ERROR;
				CLANG_WARN_DOCUMENTATION_COMMENTS = YES;
				CLANG_WARN_EMPTY_BODY = YES;
				CLANG_WARN_ENUM_CONVERSION = YES;
				CLANG_WARN_INFINITE_RECURSION = YES;
				CLANG_WARN_INT_CONVERSION = YES;
				CLANG_WARN_NON_LITERAL_NULL_CONVERSION = YES;
				CLANG_WARN_OBJC_IMPLICIT_RETAIN_SELF = YES;
				CLANG_WARN_OBJC_LITERAL_CONVERSION = YES;
				CLANG_WARN_OBJC_ROOT_CLASS = YES_ERROR;
				CLANG_WARN_RANGE_LOOP_ANALYSIS = YES;
				CLANG_WARN_STRICT_PROTOTYPES = YES;
				CLANG_WARN_SUSPICIOUS_MOVE = YES;
				CLANG_WARN_UNGUARDED_AVAILABILITY = YES_AGGRESSIVE;
				CLANG_WARN_UNREACHABLE_CODE = YES;
				CLANG_WARN__DUPLICATE_METHOD_MATCH = YES;
				CODE_SIGN_IDENTITY = "iPhone Developer";
				COPY_PHASE_STRIP = NO;
				DEBUG_INFORMATION_FORMAT = "dwarf-with-dsym";
				ENABLE_NS_ASSERTIONS = NO;
				ENABLE_STRICT_OBJC_MSGSEND = YES;
				GCC_C_LANGUAGE_STANDARD = gnu11;
				GCC_NO_COMMON_BLOCKS = YES;
				GCC_WARN_64_TO_32_BIT_CONVERSION = YES;
				GCC_WARN_ABOUT_RETURN_TYPE = YES_ERROR;
				GCC_WARN_UNDECLARED_SELECTOR = YES;
				GCC_WARN_UNINITIALIZED_AUTOS = YES_AGGRESSIVE;
				GCC_WARN_UNUSED_FUNCTION = YES;
				GCC_WARN_UNUSED_VARIABLE = YES;
				IPHONEOS_DEPLOYMENT_TARGET = 12.1;
				MTL_ENABLE_DEBUG_INFO = NO;
				MTL_FAST_MATH = YES;
				SDKROOT = iphoneos;
				SWIFT_COMPILATION_MODE = wholemodule;
				SWIFT_OPTIMIZATION_LEVEL = "-O";
				VALIDATE_PRODUCT = YES;
			};
			name = Release;
		};
		84615EE321EDE4FD0050D8BE /* Debug */ = {
			isa = XCBuildConfiguration;
			baseConfigurationReference = B78275FEB9FAC29C8870CA00 /* Pods-QuanLySinhVien.debug.xcconfig */;
			buildSettings = {
				ASSETCATALOG_COMPILER_APPICON_NAME = AppIcon;
				CODE_SIGN_STYLE = Automatic;
				DEVELOPMENT_TEAM = XUXX75785S;
				INFOPLIST_FILE = QuanLySinhVien/Info.plist;
				IPHONEOS_DEPLOYMENT_TARGET = 9.0;
				LD_RUNPATH_SEARCH_PATHS = (
					"$(inherited)",
					"@executable_path/Frameworks",
				);
				PRODUCT_BUNDLE_IDENTIFIER = LeChinhDev.QuanLySinhVien;
				PRODUCT_NAME = "$(TARGET_NAME)";
				SWIFT_VERSION = 4.2;
				TARGETED_DEVICE_FAMILY = "1,2";
			};
			name = Debug;
		};
		84615EE421EDE4FD0050D8BE /* Release */ = {
			isa = XCBuildConfiguration;
			baseConfigurationReference = C51961133BEE7A9E86789BF6 /* Pods-QuanLySinhVien.release.xcconfig */;
			buildSettings = {
				ASSETCATALOG_COMPILER_APPICON_NAME = AppIcon;
				CODE_SIGN_STYLE = Automatic;
				DEVELOPMENT_TEAM = XUXX75785S;
				INFOPLIST_FILE = QuanLySinhVien/Info.plist;
				IPHONEOS_DEPLOYMENT_TARGET = 9.0;
				LD_RUNPATH_SEARCH_PATHS = (
					"$(inherited)",
					"@executable_path/Frameworks",
				);
				PRODUCT_BUNDLE_IDENTIFIER = LeChinhDev.QuanLySinhVien;
				PRODUCT_NAME = "$(TARGET_NAME)";
				SWIFT_VERSION = 4.2;
				TARGETED_DEVICE_FAMILY = "1,2";
			};
			name = Release;
		};
		84615EE621EDE4FD0050D8BE /* Debug */ = {
			isa = XCBuildConfiguration;
			baseConfigurationReference = 52BD6E5BFDB0918C300F0C2B /* Pods-QuanLySinhVienTests.debug.xcconfig */;
			buildSettings = {
				ALWAYS_EMBED_SWIFT_STANDARD_LIBRARIES = YES;
				BUNDLE_LOADER = "$(TEST_HOST)";
				CODE_SIGN_STYLE = Automatic;
				DEVELOPMENT_TEAM = XUXX75785S;
				INFOPLIST_FILE = QuanLySinhVienTests/Info.plist;
				LD_RUNPATH_SEARCH_PATHS = (
					"$(inherited)",
					"@executable_path/Frameworks",
					"@loader_path/Frameworks",
				);
				PRODUCT_BUNDLE_IDENTIFIER = LeChinhDev.QuanLySinhVienTests;
				PRODUCT_NAME = "$(TARGET_NAME)";
				SWIFT_VERSION = 4.2;
				TARGETED_DEVICE_FAMILY = "1,2";
				TEST_HOST = "$(BUILT_PRODUCTS_DIR)/QuanLySinhVien.app/QuanLySinhVien";
			};
			name = Debug;
		};
		84615EE721EDE4FD0050D8BE /* Release */ = {
			isa = XCBuildConfiguration;
			baseConfigurationReference = 8D6F042DBD9A76653EBFB1F2 /* Pods-QuanLySinhVienTests.release.xcconfig */;
			buildSettings = {
				ALWAYS_EMBED_SWIFT_STANDARD_LIBRARIES = YES;
				BUNDLE_LOADER = "$(TEST_HOST)";
				CODE_SIGN_STYLE = Automatic;
				DEVELOPMENT_TEAM = XUXX75785S;
				INFOPLIST_FILE = QuanLySinhVienTests/Info.plist;
				LD_RUNPATH_SEARCH_PATHS = (
					"$(inherited)",
					"@executable_path/Frameworks",
					"@loader_path/Frameworks",
				);
				PRODUCT_BUNDLE_IDENTIFIER = LeChinhDev.QuanLySinhVienTests;
				PRODUCT_NAME = "$(TARGET_NAME)";
				SWIFT_VERSION = 4.2;
				TARGETED_DEVICE_FAMILY = "1,2";
				TEST_HOST = "$(BUILT_PRODUCTS_DIR)/QuanLySinhVien.app/QuanLySinhVien";
			};
			name = Release;
		};
		84615EE921EDE4FD0050D8BE /* Debug */ = {
			isa = XCBuildConfiguration;
			baseConfigurationReference = 7A83F79B84D8E5E8D6A8DE09 /* Pods-QuanLySinhVienUITests.debug.xcconfig */;
			buildSettings = {
				ALWAYS_EMBED_SWIFT_STANDARD_LIBRARIES = YES;
				CODE_SIGN_STYLE = Automatic;
				DEVELOPMENT_TEAM = XUXX75785S;
				INFOPLIST_FILE = QuanLySinhVienUITests/Info.plist;
				LD_RUNPATH_SEARCH_PATHS = (
					"$(inherited)",
					"@executable_path/Frameworks",
					"@loader_path/Frameworks",
				);
				PRODUCT_BUNDLE_IDENTIFIER = LeChinhDev.QuanLySinhVienUITests;
				PRODUCT_NAME = "$(TARGET_NAME)";
				SWIFT_VERSION = 4.2;
				TARGETED_DEVICE_FAMILY = "1,2";
				TEST_TARGET_NAME = QuanLySinhVien;
			};
			name = Debug;
		};
		84615EEA21EDE4FD0050D8BE /* Release */ = {
			isa = XCBuildConfiguration;
			baseConfigurationReference = 3D237AAE004B8AF0A5E32F1B /* Pods-QuanLySinhVienUITests.release.xcconfig */;
			buildSettings = {
				ALWAYS_EMBED_SWIFT_STANDARD_LIBRARIES = YES;
				CODE_SIGN_STYLE = Automatic;
				DEVELOPMENT_TEAM = XUXX75785S;
				INFOPLIST_FILE = QuanLySinhVienUITests/Info.plist;
				LD_RUNPATH_SEARCH_PATHS = (
					"$(inherited)",
					"@executable_path/Frameworks",
					"@loader_path/Frameworks",
				);
				PRODUCT_BUNDLE_IDENTIFIER = LeChinhDev.QuanLySinhVienUITests;
				PRODUCT_NAME = "$(TARGET_NAME)";
				SWIFT_VERSION = 4.2;
				TARGETED_DEVICE_FAMILY = "1,2";
				TEST_TARGET_NAME = QuanLySinhVien;
			};
			name = Release;
		};
/* End XCBuildConfiguration section */

/* Begin XCConfigurationList section */
		84615EB521EDE4FC0050D8BE /* Build configuration list for PBXProject "QuanLySinhVien" */ = {
			isa = XCConfigurationList;
			buildConfigurations = (
				84615EE021EDE4FD0050D8BE /* Debug */,
				84615EE121EDE4FD0050D8BE /* Release */,
			);
			defaultConfigurationIsVisible = 0;
			defaultConfigurationName = Release;
		};
		84615EE221EDE4FD0050D8BE /* Build configuration list for PBXNativeTarget "QuanLySinhVien" */ = {
			isa = XCConfigurationList;
			buildConfigurations = (
				84615EE321EDE4FD0050D8BE /* Debug */,
				84615EE421EDE4FD0050D8BE /* Release */,
			);
			defaultConfigurationIsVisible = 0;
			defaultConfigurationName = Release;
		};
		84615EE521EDE4FD0050D8BE /* Build configuration list for PBXNativeTarget "QuanLySinhVienTests" */ = {
			isa = XCConfigurationList;
			buildConfigurations = (
				84615EE621EDE4FD0050D8BE /* Debug */,
				84615EE721EDE4FD0050D8BE /* Release */,
			);
			defaultConfigurationIsVisible = 0;
			defaultConfigurationName = Release;
		};
		84615EE821EDE4FD0050D8BE /* Build configuration list for PBXNativeTarget "QuanLySinhVienUITests" */ = {
			isa = XCConfigurationList;
			buildConfigurations = (
				84615EE921EDE4FD0050D8BE /* Debug */,
				84615EEA21EDE4FD0050D8BE /* Release */,
			);
			defaultConfigurationIsVisible = 0;
			defaultConfigurationName = Release;
		};
/* End XCConfigurationList section */
	};
	rootObject = 84615EB221EDE4FC0050D8BE /* Project object */;
}
